// !$*UTF8*$!
{
	archiveVersion = 1;
	classes = {
	};
	objectVersion = 50;
	objects = {

/* Begin PBXBuildFile section */
		83A660E120FE284F0020F976 /* AppDelegate.m in Sources */ = {isa = PBXBuildFile; fileRef = 83A660E020FE284F0020F976 /* AppDelegate.m */; };
		83A660E420FE284F0020F976 /* ViewController.m in Sources */ = {isa = PBXBuildFile; fileRef = 83A660E320FE284F0020F976 /* ViewController.m */; };
		83A660E720FE284F0020F976 /* Main.storyboard in Resources */ = {isa = PBXBuildFile; fileRef = 83A660E520FE284F0020F976 /* Main.storyboard */; };
		83A660E920FE28730020F976 /* Assets.xcassets in Resources */ = {isa = PBXBuildFile; fileRef = 83A660E820FE28730020F976 /* Assets.xcassets */; };
		83A660EC20FE28730020F976 /* LaunchScreen.storyboard in Resources */ = {isa = PBXBuildFile; fileRef = 83A660EA20FE28730020F976 /* LaunchScreen.storyboard */; };
		83A660EF20FE28740020F976 /* main.m in Sources */ = {isa = PBXBuildFile; fileRef = 83A660EE20FE28740020F976 /* main.m */; };
		83A660F920FE28750020F976 /* FavorsenseTests.m in Sources */ = {isa = PBXBuildFile; fileRef = 83A660F820FE28750020F976 /* FavorsenseTests.m */; };
		83A6610420FE28760020F976 /* FavorsenseUITests.m in Sources */ = {isa = PBXBuildFile; fileRef = 83A6610320FE28760020F976 /* FavorsenseUITests.m */; };
/* End PBXBuildFile section */

/* Begin PBXContainerItemProxy section */
		83A660F520FE28750020F976 /* PBXContainerItemProxy */ = {
			isa = PBXContainerItemProxy;
			containerPortal = 83A660D420FE284E0020F976 /* Project object */;
			proxyType = 1;
			remoteGlobalIDString = 83A660DB20FE284E0020F976;
			remoteInfo = Favorsense;
		};
		83A6610020FE28760020F976 /* PBXContainerItemProxy */ = {
			isa = PBXContainerItemProxy;
			containerPortal = 83A660D420FE284E0020F976 /* Project object */;
			proxyType = 1;
			remoteGlobalIDString = 83A660DB20FE284E0020F976;
			remoteInfo = Favorsense;
		};
/* End PBXContainerItemProxy section */

/* Begin PBXFileReference section */
		83A660DC20FE284F0020F976 /* Favorsense.app */ = {isa = PBXFileReference; explicitFileType = wrapper.application; includeInIndex = 0; path = Favorsense.app; sourceTree = BUILT_PRODUCTS_DIR; };
		83A660DF20FE284F0020F976 /* AppDelegate.h */ = {isa = PBXFileReference; lastKnownFileType = sourcecode.c.h; path = AppDelegate.h; sourceTree = "<group>"; };
		83A660E020FE284F0020F976 /* AppDelegate.m */ = {isa = PBXFileReference; lastKnownFileType = sourcecode.c.objc; path = AppDelegate.m; sourceTree = "<group>"; };
		83A660E220FE284F0020F976 /* ViewController.h */ = {isa = PBXFileReference; lastKnownFileType = sourcecode.c.h; path = ViewController.h; sourceTree = "<group>"; };
		83A660E320FE284F0020F976 /* ViewController.m */ = {isa = PBXFileReference; lastKnownFileType = sourcecode.c.objc; path = ViewController.m; sourceTree = "<group>"; };
		83A660E620FE284F0020F976 /* Base */ = {isa = PBXFileReference; lastKnownFileType = file.storyboard; name = Base; path = Base.lproj/Main.storyboard; sourceTree = "<group>"; };
		83A660E820FE28730020F976 /* Assets.xcassets */ = {isa = PBXFileReference; lastKnownFileType = folder.assetcatalog; path = Assets.xcassets; sourceTree = "<group>"; };
		83A660EB20FE28730020F976 /* Base */ = {isa = PBXFileReference; lastKnownFileType = file.storyboard; name = Base; path = Base.lproj/LaunchScreen.storyboard; sourceTree = "<group>"; };
		83A660ED20FE28730020F976 /* Info.plist */ = {isa = PBXFileReference; lastKnownFileType = text.plist.xml; path = Info.plist; sourceTree = "<group>"; };
		83A660EE20FE28740020F976 /* main.m */ = {isa = PBXFileReference; lastKnownFileType = sourcecode.c.objc; path = main.m; sourceTree = "<group>"; };
		83A660F420FE28750020F976 /* FavorsenseTests.xctest */ = {isa = PBXFileReference; explicitFileType = wrapper.cfbundle; includeInIndex = 0; path = FavorsenseTests.xctest; sourceTree = BUILT_PRODUCTS_DIR; };
		83A660F820FE28750020F976 /* FavorsenseTests.m */ = {isa = PBXFileReference; lastKnownFileType = sourcecode.c.objc; path = FavorsenseTests.m; sourceTree = "<group>"; };
		83A660FA20FE28760020F976 /* Info.plist */ = {isa = PBXFileReference; lastKnownFileType = text.plist.xml; path = Info.plist; sourceTree = "<group>"; };
		83A660FF20FE28760020F976 /* FavorsenseUITests.xctest */ = {isa = PBXFileReference; explicitFileType = wrapper.cfbundle; includeInIndex = 0; path = FavorsenseUITests.xctest; sourceTree = BUILT_PRODUCTS_DIR; };
		83A6610320FE28760020F976 /* FavorsenseUITests.m */ = {isa = PBXFileReference; lastKnownFileType = sourcecode.c.objc; path = FavorsenseUITests.m; sourceTree = "<group>"; };
		83A6610520FE28760020F976 /* Info.plist */ = {isa = PBXFileReference; lastKnownFileType = text.plist.xml; path = Info.plist; sourceTree = "<group>"; };
/* End PBXFileReference section */

/* Begin PBXFrameworksBuildPhase section */
		83A660D920FE284E0020F976 /* Frameworks */ = {
			isa = PBXFrameworksBuildPhase;
			buildActionMask = 2147483647;
			files = (
			);
			runOnlyForDeploymentPostprocessing = 0;
		};
		83A660F120FE28750020F976 /* Frameworks */ = {
			isa = PBXFrameworksBuildPhase;
			buildActionMask = 2147483647;
			files = (
			);
			runOnlyForDeploymentPostprocessing = 0;
		};
		83A660FC20FE28760020F976 /* Frameworks */ = {
			isa = PBXFrameworksBuildPhase;
			buildActionMask = 2147483647;
			files = (
			);
			runOnlyForDeploymentPostprocessing = 0;
		};
/* End PBXFrameworksBuildPhase section */

/* Begin PBXGroup section */
		83A660D320FE284E0020F976 = {
			isa = PBXGroup;
			children = (
				83A660DE20FE284F0020F976 /* Favorsense */,
				83A660F720FE28750020F976 /* FavorsenseTests */,
				83A6610220FE28760020F976 /* FavorsenseUITests */,
				83A660DD20FE284F0020F976 /* Products */,
			);
			sourceTree = "<group>";
		};
		83A660DD20FE284F0020F976 /* Products */ = {
			isa = PBXGroup;
			children = (
				83A660DC20FE284F0020F976 /* Favorsense.app */,
				83A660F420FE28750020F976 /* FavorsenseTests.xctest */,
				83A660FF20FE28760020F976 /* FavorsenseUITests.xctest */,
			);
			name = Products;
			sourceTree = "<group>";
		};
		83A660DE20FE284F0020F976 /* Favorsense */ = {
			isa = PBXGroup;
			children = (
				83A660DF20FE284F0020F976 /* AppDelegate.h */,
				83A660E020FE284F0020F976 /* AppDelegate.m */,
				83A660E220FE284F0020F976 /* ViewController.h */,
				83A660E320FE284F0020F976 /* ViewController.m */,
				83A660E520FE284F0020F976 /* Main.storyboard */,
				83A660E820FE28730020F976 /* Assets.xcassets */,
				83A660EA20FE28730020F976 /* LaunchScreen.storyboard */,
				83A660ED20FE28730020F976 /* Info.plist */,
				83A660EE20FE28740020F976 /* main.m */,
			);
			path = Favorsense;
			sourceTree = "<group>";
		};
		83A660F720FE28750020F976 /* FavorsenseTests */ = {
			isa = PBXGroup;
			children = (
				83A660F820FE28750020F976 /* FavorsenseTests.m */,
				83A660FA20FE28760020F976 /* Info.plist */,
			);
			path = FavorsenseTests;
			sourceTree = "<group>";
		};
		83A6610220FE28760020F976 /* FavorsenseUITests */ = {
			isa = PBXGroup;
			children = (
				83A6610320FE28760020F976 /* FavorsenseUITests.m */,
				83A6610520FE28760020F976 /* Info.plist */,
			);
			path = FavorsenseUITests;
			sourceTree = "<group>";
		};
/* End PBXGroup section */

/* Begin PBXNativeTarget section */
		83A660DB20FE284E0020F976 /* Favorsense */ = {
			isa = PBXNativeTarget;
			buildConfigurationList = 83A6610820FE28760020F976 /* Build configuration list for PBXNativeTarget "Favorsense" */;
			buildPhases = (
				83A660D820FE284E0020F976 /* Sources */,
				83A660D920FE284E0020F976 /* Frameworks */,
				83A660DA20FE284E0020F976 /* Resources */,
			);
			buildRules = (
			);
			dependencies = (
			);
			name = Favorsense;
			productName = Favorsense;
			productReference = 83A660DC20FE284F0020F976 /* Favorsense.app */;
			productType = "com.apple.product-type.application";
		};
		83A660F320FE28750020F976 /* FavorsenseTests */ = {
			isa = PBXNativeTarget;
			buildConfigurationList = 83A6610B20FE28760020F976 /* Build configuration list for PBXNativeTarget "FavorsenseTests" */;
			buildPhases = (
				83A660F020FE28750020F976 /* Sources */,
				83A660F120FE28750020F976 /* Frameworks */,
				83A660F220FE28750020F976 /* Resources */,
			);
			buildRules = (
			);
			dependencies = (
				83A660F620FE28750020F976 /* PBXTargetDependency */,
			);
			name = FavorsenseTests;
			productName = FavorsenseTests;
			productReference = 83A660F420FE28750020F976 /* FavorsenseTests.xctest */;
			productType = "com.apple.product-type.bundle.unit-test";
		};
		83A660FE20FE28760020F976 /* FavorsenseUITests */ = {
			isa = PBXNativeTarget;
			buildConfigurationList = 83A6610E20FE28760020F976 /* Build configuration list for PBXNativeTarget "FavorsenseUITests" */;
			buildPhases = (
				83A660FB20FE28760020F976 /* Sources */,
				83A660FC20FE28760020F976 /* Frameworks */,
				83A660FD20FE28760020F976 /* Resources */,
			);
			buildRules = (
			);
			dependencies = (
				83A6610120FE28760020F976 /* PBXTargetDependency */,
			);
			name = FavorsenseUITests;
			productName = FavorsenseUITests;
			productReference = 83A660FF20FE28760020F976 /* FavorsenseUITests.xctest */;
			productType = "com.apple.product-type.bundle.ui-testing";
		};
/* End PBXNativeTarget section */

/* Begin PBXProject section */
		83A660D420FE284E0020F976 /* Project object */ = {
			isa = PBXProject;
			attributes = {
				LastUpgradeCheck = 0930;
				ORGANIZATIONNAME = "RAJA JIMSEN";
				TargetAttributes = {
					83A660DB20FE284E0020F976 = {
						CreatedOnToolsVersion = 9.3;
					};
					83A660F320FE28750020F976 = {
						CreatedOnToolsVersion = 9.3;
						TestTargetID = 83A660DB20FE284E0020F976;
					};
					83A660FE20FE28760020F976 = {
						CreatedOnToolsVersion = 9.3;
						TestTargetID = 83A660DB20FE284E0020F976;
					};
				};
			};
			buildConfigurationList = 83A660D720FE284E0020F976 /* Build configuration list for PBXProject "Favorsense" */;
			compatibilityVersion = "Xcode 9.3";
			developmentRegion = en;
			hasScannedForEncodings = 0;
			knownRegions = (
				en,
				Base,
			);
			mainGroup = 83A660D320FE284E0020F976;
			productRefGroup = 83A660DD20FE284F0020F976 /* Products */;
			projectDirPath = "";
			projectRoot = "";
			targets = (
				83A660DB20FE284E0020F976 /* Favorsense */,
				83A660F320FE28750020F976 /* FavorsenseTests */,
				83A660FE20FE28760020F976 /* FavorsenseUITests */,
			);
		};
/* End PBXProject section */

/* Begin PBXResourcesBuildPhase section */
		83A660DA20FE284E0020F976 /* Resources */ = {
			isa = PBXResourcesBuildPhase;
			buildActionMask = 2147483647;
			files = (
				83A660EC20FE28730020F976 /* LaunchScreen.storyboard in Resources */,
				83A660E920FE28730020F976 /* Assets.xcassets in Resources */,
				83A660E720FE284F0020F976 /* Main.storyboard in Resources */,
			);
			runOnlyForDeploymentPostprocessing = 0;
		};
		83A660F220FE28750020F976 /* Resources */ = {
			isa = PBXResourcesBuildPhase;
			buildActionMask = 2147483647;
			files = (
			);
			runOnlyForDeploymentPostprocessing = 0;
		};
		83A660FD20FE28760020F976 /* Resources */ = {
			isa = PBXResourcesBuildPhase;
			buildActionMask = 2147483647;
			files = (
			);
			runOnlyForDeploymentPostprocessing = 0;
		};
/* End PBXResourcesBuildPhase section */

/* Begin PBXSourcesBuildPhase section */
		83A660D820FE284E0020F976 /* Sources */ = {
			isa = PBXSourcesBuildPhase;
			buildActionMask = 2147483647;
			files = (
				83A660E420FE284F0020F976 /* ViewController.m in Sources */,
				83A660EF20FE28740020F976 /* main.m in Sources */,
				83A660E120FE284F0020F976 /* AppDelegate.m in Sources */,
			);
			runOnlyForDeploymentPostprocessing = 0;
		};
		83A660F020FE28750020F976 /* Sources */ = {
			isa = PBXSourcesBuildPhase;
			buildActionMask = 2147483647;
			files = (
				83A660F920FE28750020F976 /* FavorsenseTests.m in Sources */,
			);
			runOnlyForDeploymentPostprocessing = 0;
		};
		83A660FB20FE28760020F976 /* Sources */ = {
			isa = PBXSourcesBuildPhase;
			buildActionMask = 2147483647;
			files = (
				83A6610420FE28760020F976 /* FavorsenseUITests.m in Sources */,
			);
			runOnlyForDeploymentPostprocessing = 0;
		};
/* End PBXSourcesBuildPhase section */

/* Begin PBXTargetDependency section */
		83A660F620FE28750020F976 /* PBXTargetDependency */ = {
			isa = PBXTargetDependency;
			target = 83A660DB20FE284E0020F976 /* Favorsense */;
			targetProxy = 83A660F520FE28750020F976 /* PBXContainerItemProxy */;
		};
		83A6610120FE28760020F976 /* PBXTargetDependency */ = {
			isa = PBXTargetDependency;
			target = 83A660DB20FE284E0020F976 /* Favorsense */;
			targetProxy = 83A6610020FE28760020F976 /* PBXContainerItemProxy */;
		};
/* End PBXTargetDependency section */

/* Begin PBXVariantGroup section */
		83A660E520FE284F0020F976 /* Main.storyboard */ = {
			isa = PBXVariantGroup;
			children = (
				83A660E620FE284F0020F976 /* Base */,
			);
			name = Main.storyboard;
			sourceTree = "<group>";
		};
		83A660EA20FE28730020F976 /* LaunchScreen.storyboard */ = {
			isa = PBXVariantGroup;
			children = (
				83A660EB20FE28730020F976 /* Base */,
			);
			name = LaunchScreen.storyboard;
			sourceTree = "<group>";
		};
/* End PBXVariantGroup section */

/* Begin XCBuildConfiguration section */
		83A6610620FE28760020F976 /* Debug */ = {
			isa = XCBuildConfiguration;
			buildSettings = {
				ALWAYS_SEARCH_USER_PATHS = NO;
				CLANG_ANALYZER_NONNULL = YES;
				CLANG_ANALYZER_NUMBER_OBJECT_CONVERSION = YES_AGGRESSIVE;
				CLANG_CXX_LANGUAGE_STANDARD = "gnu++14";
				CLANG_CXX_LIBRARY = "libc++";
				CLANG_ENABLE_MODULES = YES;
				CLANG_ENABLE_OBJC_ARC = YES;
				CLANG_ENABLE_OBJC_WEAK = YES;
				CLANG_WARN_BLOCK_CAPTURE_AUTORELEASING = YES;
				CLANG_WARN_BOOL_CONVERSION = YES;
				CLANG_WARN_COMMA = YES;
				CLANG_WARN_CONSTANT_CONVERSION = YES;
				CLANG_WARN_DEPRECATED_OBJC_IMPLEMENTATIONS = YES;
				CLANG_WARN_DIRECT_OBJC_ISA_USAGE = YES_ERROR;
				CLANG_WARN_DOCUMENTATION_COMMENTS = YES;
				CLANG_WARN_EMPTY_BODY = YES;
				CLANG_WARN_ENUM_CONVERSION = YES;
				CLANG_WARN_INFINITE_RECURSION = YES;
				CLANG_WARN_INT_CONVERSION = YES;
				CLANG_WARN_NON_LITERAL_NULL_CONVERSION = YES;
				CLANG_WARN_OBJC_IMPLICIT_RETAIN_SELF = YES;
				CLANG_WARN_OBJC_LITERAL_CONVERSION = YES;
				CLANG_WARN_OBJC_ROOT_CLASS = YES_ERROR;
				CLANG_WARN_RANGE_LOOP_ANALYSIS = YES;
				CLANG_WARN_STRICT_PROTOTYPES = YES;
				CLANG_WARN_SUSPICIOUS_MOVE = YES;
				CLANG_WARN_UNGUARDED_AVAILABILITY = YES_AGGRESSIVE;
				CLANG_WARN_UNREACHABLE_CODE = YES;
				CLANG_WARN__DUPLICATE_METHOD_MATCH = YES;
				CODE_SIGN_IDENTITY = "iPhone Developer";
				COPY_PHASE_STRIP = NO;
				DEBUG_INFORMATION_FORMAT = dwarf;
				ENABLE_STRICT_OBJC_MSGSEND = YES;
				ENABLE_TESTABILITY = YES;
				GCC_C_LANGUAGE_STANDARD = gnu11;
				GCC_DYNAMIC_NO_PIC = NO;
				GCC_NO_COMMON_BLOCKS = YES;
				GCC_OPTIMIZATION_LEVEL = 0;
				GCC_PREPROCESSOR_DEFINITIONS = (
					"DEBUG=1",
					"$(inherited)",
				);
				GCC_WARN_64_TO_32_BIT_CONVERSION = YES;
				GCC_WARN_ABOUT_RETURN_TYPE = YES_ERROR;
				GCC_WARN_UNDECLARED_SELECTOR = YES;
				GCC_WARN_UNINITIALIZED_AUTOS = YES_AGGRESSIVE;
				GCC_WARN_UNUSED_FUNCTION = YES;
				GCC_WARN_UNUSED_VARIABLE = YES;
				IPHONEOS_DEPLOYMENT_TARGET = 11.3;
				MTL_ENABLE_DEBUG_INFO = YES;
				ONLY_ACTIVE_ARCH = YES;
				SDKROOT = iphoneos;
			};
			name = Debug;
		};
		83A6610720FE28760020F976 /* Release */ = {
			isa = XCBuildConfiguration;
			buildSettings = {
				ALWAYS_SEARCH_USER_PATHS = NO;
				CLANG_ANALYZER_NONNULL = YES;
				CLANG_ANALYZER_NUMBER_OBJECT_CONVERSION = YES_AGGRESSIVE;
				CLANG_CXX_LANGUAGE_STANDARD = "gnu++14";
				CLANG_CXX_LIBRARY = "libc++";
				CLANG_ENABLE_MODULES = YES;
				CLANG_ENABLE_OBJC_ARC = YES;
				CLANG_ENABLE_OBJC_WEAK = YES;
				CLANG_WARN_BLOCK_CAPTURE_AUTORELEASING = YES;
				CLANG_WARN_BOOL_CONVERSION = YES;
				CLANG_WARN_COMMA = YES;
				CLANG_WARN_CONSTANT_CONVERSION = YES;
				CLANG_WARN_DEPRECATED_OBJC_IMPLEMENTATIONS = YES;
				CLANG_WARN_DIRECT_OBJC_ISA_USAGE = YES_ERROR;
				CLANG_WARN_DOCUMENTATION_COMMENTS = YES;
				CLANG_WARN_EMPTY_BODY = YES;
				CLANG_WARN_ENUM_CONVERSION = YES;
				CLANG_WARN_INFINITE_RECURSION = YES;
				CLANG_WARN_INT_CONVERSION = YES;
				CLANG_WARN_NON_LITERAL_NULL_CONVERSION = YES;
				CLANG_WARN_OBJC_IMPLICIT_RETAIN_SELF = YES;
				CLANG_WARN_OBJC_LITERAL_CONVERSION = YES;
				CLANG_WARN_OBJC_ROOT_CLASS = YES_ERROR;
				CLANG_WARN_RANGE_LOOP_ANALYSIS = YES;
				CLANG_WARN_STRICT_PROTOTYPES = YES;
				CLANG_WARN_SUSPICIOUS_MOVE = YES;
				CLANG_WARN_UNGUARDED_AVAILABILITY = YES_AGGRESSIVE;
				CLANG_WARN_UNREACHABLE_CODE = YES;
				CLANG_WARN__DUPLICATE_METHOD_MATCH = YES;
				CODE_SIGN_IDENTITY = "iPhone Developer";
				COPY_PHASE_STRIP = NO;
				DEBUG_INFORMATION_FORMAT = "dwarf-with-dsym";
				ENABLE_NS_ASSERTIONS = NO;
				ENABLE_STRICT_OBJC_MSGSEND = YES;
				GCC_C_LANGUAGE_STANDARD = gnu11;
				GCC_NO_COMMON_BLOCKS = YES;
				GCC_WARN_64_TO_32_BIT_CONVERSION = YES;
				GCC_WARN_ABOUT_RETURN_TYPE = YES_ERROR;
				GCC_WARN_UNDECLARED_SELECTOR = YES;
				GCC_WARN_UNINITIALIZED_AUTOS = YES_AGGRESSIVE;
				GCC_WARN_UNUSED_FUNCTION = YES;
				GCC_WARN_UNUSED_VARIABLE = YES;
				IPHONEOS_DEPLOYMENT_TARGET = 11.3;
				MTL_ENABLE_DEBUG_INFO = NO;
				SDKROOT = iphoneos;
				VALIDATE_PRODUCT = YES;
			};
			name = Release;
		};
		83A6610920FE28760020F976 /* Debug */ = {
			isa = XCBuildConfiguration;
			buildSettings = {
				ASSETCATALOG_COMPILER_APPICON_NAME = AppIcon;
				CODE_SIGN_STYLE = Automatic;
				INFOPLIST_FILE = Favorsense/Info.plist;
				LD_RUNPATH_SEARCH_PATHS = (
					"$(inherited)",
					"@executable_path/Frameworks",
				);
				PRODUCT_BUNDLE_IDENTIFIER = com.jimsen.Favorsense;
				PRODUCT_NAME = "$(TARGET_NAME)";
				TARGETED_DEVICE_FAMILY = "1,2";
			};
			name = Debug;
		};
		83A6610A20FE28760020F976 /* Release */ = {
			isa = XCBuildConfiguration;
			buildSettings = {
				ASSETCATALOG_COMPILER_APPICON_NAME = AppIcon;
				CODE_SIGN_STYLE = Automatic;
				INFOPLIST_FILE = Favorsense/Info.plist;
				LD_RUNPATH_SEARCH_PATHS = (
					"$(inherited)",
					"@executable_path/Frameworks",
				);
				PRODUCT_BUNDLE_IDENTIFIER = com.jimsen.Favorsense;
				PRODUCT_NAME = "$(TARGET_NAME)";
				TARGETED_DEVICE_FAMILY = "1,2";
			};
			name = Release;
		};
		83A6610C20FE28760020F976 /* Debug */ = {
			isa = XCBuildConfiguration;
			buildSettings = {
				BUNDLE_LOADER = "$(TEST_HOST)";
				CODE_SIGN_STYLE = Automatic;
				INFOPLIST_FILE = FavorsenseTests/Info.plist;
				LD_RUNPATH_SEARCH_PATHS = (
					"$(inherited)",
					"@executable_path/Frameworks",
					"@loader_path/Frameworks",
				);
				PRODUCT_BUNDLE_IDENTIFIER = com.jimsen.FavorsenseTests;
				PRODUCT_NAME = "$(TARGET_NAME)";
				TARGETED_DEVICE_FAMILY = "1,2";
				TEST_HOST = "$(BUILT_PRODUCTS_DIR)/Favorsense.app/Favorsense";
			};
			name = Debug;
		};
		83A6610D20FE28760020F976 /* Release */ = {
			isa = XCBuildConfiguration;
			buildSettings = {
				BUNDLE_LOADER = "$(TEST_HOST)";
				CODE_SIGN_STYLE = Automatic;
				INFOPLIST_FILE = FavorsenseTests/Info.plist;
				LD_RUNPATH_SEARCH_PATHS = (
					"$(inherited)",
					"@executable_path/Frameworks",
					"@loader_path/Frameworks",
				);
				PRODUCT_BUNDLE_IDENTIFIER = com.jimsen.FavorsenseTests;
				PRODUCT_NAME = "$(TARGET_NAME)";
				TARGETED_DEVICE_FAMILY = "1,2";
				TEST_HOST = "$(BUILT_PRODUCTS_DIR)/Favorsense.app/Favorsense";
			};
			name = Release;
		};
		83A6610F20FE28760020F976 /* Debug */ = {
			isa = XCBuildConfiguration;
			buildSettings = {
				CODE_SIGN_STYLE = Automatic;
				INFOPLIST_FILE = FavorsenseUITests/Info.plist;
				LD_RUNPATH_SEARCH_PATHS = (
					"$(inherited)",
					"@executable_path/Frameworks",
					"@loader_path/Frameworks",
				);
				PRODUCT_BUNDLE_IDENTIFIER = com.jimsen.FavorsenseUITests;
				PRODUCT_NAME = "$(TARGET_NAME)";
				TARGETED_DEVICE_FAMILY = "1,2";
				TEST_TARGET_NAME = Favorsense;
			};
			name = Debug;
		};
		83A6611020FE28760020F976 /* Release */ = {
			isa = XCBuildConfiguration;
			buildSettings = {
				CODE_SIGN_STYLE = Automatic;
				INFOPLIST_FILE = FavorsenseUITests/Info.plist;
				LD_RUNPATH_SEARCH_PATHS = (
					"$(inherited)",
					"@executable_path/Frameworks",
					"@loader_path/Frameworks",
				);
				PRODUCT_BUNDLE_IDENTIFIER = com.jimsen.FavorsenseUITests;
				PRODUCT_NAME = "$(TARGET_NAME)";
				TARGETED_DEVICE_FAMILY = "1,2";
				TEST_TARGET_NAME = Favorsense;
			};
			name = Release;
		};
/* End XCBuildConfiguration section */

/* Begin XCConfigurationList section */
		83A660D720FE284E0020F976 /* Build configuration list for PBXProject "Favorsense" */ = {
			isa = XCConfigurationList;
			buildConfigurations = (
				83A6610620FE28760020F976 /* Debug */,
				83A6610720FE28760020F976 /* Release */,
			);
			defaultConfigurationIsVisible = 0;
			defaultConfigurationName = Release;
		};
		83A6610820FE28760020F976 /* Build configuration list for PBXNativeTarget "Favorsense" */ = {
			isa = XCConfigurationList;
			buildConfigurations = (
				83A6610920FE28760020F976 /* Debug */,
				83A6610A20FE28760020F976 /* Release */,
			);
			defaultConfigurationIsVisible = 0;
			defaultConfigurationName = Release;
		};
		83A6610B20FE28760020F976 /* Build configuration list for PBXNativeTarget "FavorsenseTests" */ = {
			isa = XCConfigurationList;
			buildConfigurations = (
				83A6610C20FE28760020F976 /* Debug */,
				83A6610D20FE28760020F976 /* Release */,
			);
			defaultConfigurationIsVisible = 0;
			defaultConfigurationName = Release;
		};
		83A6610E20FE28760020F976 /* Build configuration list for PBXNativeTarget "FavorsenseUITests" */ = {
			isa = XCConfigurationList;
			buildConfigurations = (
				83A6610F20FE28760020F976 /* Debug */,
				83A6611020FE28760020F976 /* Release */,
			);
			defaultConfigurationIsVisible = 0;
			defaultConfigurationName = Release;
		};
/* End XCConfigurationList section */
	};
	rootObject = 83A660D420FE284E0020F976 /* Project object */;
}
